
Microsoft Visual Studio Solution File, Format Version 12.00
# Visual Studio Version 17
VisualStudioVersion = 17.4.33403.182
MinimumVisualStudioVersion = 10.0.40219.1
Project("{F184B08F-C81C-45F6-A57F-5ABD9991F28F}") = "student details1", "student details1\student details1.vbproj", "{1560542B-F27B-49EE-B012-4253AFAE608F}"
EndProject
Global
	GlobalSection(SolutionConfigurationPlatforms) = preSolution
		Debug|Any CPU = Debug|Any CPU
		Release|Any CPU = Release|Any CPU
	EndGlobalSection
	GlobalSection(ProjectConfigurationPlatforms) = postSolution
		{1560542B-F27B-49EE-B012-4253AFAE608F}.Debug|Any CPU.ActiveCfg = Debug|Any CPU
		{1560542B-F27B-49EE-B012-4253AFAE608F}.Debug|Any CPU.Build.0 = Debug|Any CPU
		{1560542B-F27B-49EE-B012-4253AFAE608F}.Release|Any CPU.ActiveCfg = Release|Any CPU
		{1560542B-F27B-49EE-B012-4253AFAE608F}.Release|Any CPU.Build.0 = Release|Any CPU
	EndGlobalSection
	GlobalSection(SolutionProperties) = preSolution
		HideSolutionNode = FALSE
	EndGlobalSection
	GlobalSection(ExtensibilityGlobals) = postSolution
		SolutionGuid = {50E1BC6D-189E-494D-AA69-EE17BE3C59D6}
	EndGlobalSection
EndGlobal
